
Microsoft Visual Studio Solution File, Format Version 12.00
# Visual Studio Version 17
VisualStudioVersion = 17.7.34031.279
MinimumVisualStudioVersion = 10.0.40219.1
Project("{FAE04EC0-301F-11D3-BF4B-00C04F79EFBC}") = "l_3_1", "l_3\l_3_1.csproj", "{BE3456E2-F710-4682-896B-3C4DB6655427}"
EndProject
Project("{FAE04EC0-301F-11D3-BF4B-00C04F79EFBC}") = "l_3_2", "l_3_2\l_3_2.csproj", "{1BD44E7C-CA81-420F-8822-73CEFEAA8096}"
EndProject
Project("{FAE04EC0-301F-11D3-BF4B-00C04F79EFBC}") = "l_3_3", "l_3_3\l_3_3.csproj", "{0023AEE2-A013-402E-9EB7-579592114ED5}"
EndProject
Global
	GlobalSection(SolutionConfigurationPlatforms) = preSolution
		Debug|Any CPU = Debug|Any CPU
		Release|Any CPU = Release|Any CPU
	EndGlobalSection
	GlobalSection(ProjectConfigurationPlatforms) = postSolution
		{BE3456E2-F710-4682-896B-3C4DB6655427}.Debug|Any CPU.ActiveCfg = Debug|Any CPU
		{BE3456E2-F710-4682-896B-3C4DB6655427}.Debug|Any CPU.Build.0 = Debug|Any CPU
		{BE3456E2-F710-4682-896B-3C4DB6655427}.Release|Any CPU.ActiveCfg = Release|Any CPU
		{BE3456E2-F710-4682-896B-3C4DB6655427}.Release|Any CPU.Build.0 = Release|Any CPU
		{1BD44E7C-CA81-420F-8822-73CEFEAA8096}.Debug|Any CPU.ActiveCfg = Debug|Any CPU
		{1BD44E7C-CA81-420F-8822-73CEFEAA8096}.Debug|Any CPU.Build.0 = Debug|Any CPU
		{1BD44E7C-CA81-420F-8822-73CEFEAA8096}.Release|Any CPU.ActiveCfg = Release|Any CPU
		{1BD44E7C-CA81-420F-8822-73CEFEAA8096}.Release|Any CPU.Build.0 = Release|Any CPU
		{0023AEE2-A013-402E-9EB7-579592114ED5}.Debug|Any CPU.ActiveCfg = Debug|Any CPU
		{0023AEE2-A013-402E-9EB7-579592114ED5}.Debug|Any CPU.Build.0 = Debug|Any CPU
		{0023AEE2-A013-402E-9EB7-579592114ED5}.Release|Any CPU.ActiveCfg = Release|Any CPU
		{0023AEE2-A013-402E-9EB7-579592114ED5}.Release|Any CPU.Build.0 = Release|Any CPU
	EndGlobalSection
	GlobalSection(SolutionProperties) = preSolution
		HideSolutionNode = FALSE
	EndGlobalSection
	GlobalSection(ExtensibilityGlobals) = postSolution
		SolutionGuid = {8EFB4BB8-5E39-44C1-92E1-800BCAACC8FE}
	EndGlobalSection
EndGlobal
